{
  "pins" : [
    {
      "identity" : "jumplinguahelpers",
      "kind" : "remoteSourceControl",
      "location" : "https://github.com/ChuckDiggins/JumpLinguaHelpers.git",
      "state" : {
        "revision" : "8eb7a75505f1a23d525cc62f3d399bd7c28e39fe",
        "version" : "0.11.6"
      }
    },
    {
      "identity" : "realm-core",
      "kind" : "remoteSourceControl",
      "location" : "https://github.com/realm/realm-core.git",
      "state" : {
        "revision" : "dd91f5f967c4ae89c37e24ab2a0315c31106648f",
        "version" : "13.6.0"
      }
    },
    {
      "identity" : "realm-swift",
      "kind" : "remoteSourceControl",
      "location" : "https://github.com/realm/realm-swift.git",
      "state" : {
        "branch" : "master",
        "revision" : "7f1707b5d681f7cad6fe2ffb7a4ba120801e57d0"
      }
    }
  ],
  "version" : 2
}
