{
  "pins" : [
    {
      "identity" : "jumplinguahelpers",
      "kind" : "remoteSourceControl",
      "location" : "https://github.com/ChuckDiggins/JumpLinguaHelpers.git",
      "state" : {
        "revision" : "a8b44ba37b1e8ed6e1dec3303b637ffdee07471b",
        "version" : "0.12.3"
      }
    },
    {
      "identity" : "realm-core",
      "kind" : "remoteSourceControl",
      "location" : "https://github.com/realm/realm-core.git",
      "state" : {
        "revision" : "dd91f5f967c4ae89c37e24ab2a0315c31106648f",
        "version" : "13.6.0"
      }
    },
    {
      "identity" : "realm-swift",
      "kind" : "remoteSourceControl",
      "location" : "https://github.com/realm/realm-swift.git",
      "state" : {
        "branch" : "master",
        "revision" : "764211db9d42334962b8ad21a40e2beecffffe99"
      }
    }
  ],
  "version" : 2
}
