// !$*UTF8*$!
{
	archiveVersion = 1;
	classes = {
	};
	objectVersion = 55;
	objects = {

/* Begin PBXBuildFile section */
		6E229CA027C68A26009F8E02 /* ShowWordTypeEnum.swift in Sources */ = {isa = PBXBuildFile; fileRef = 6E229C9F27C68A26009F8E02 /* ShowWordTypeEnum.swift */; };
		6E229CA227C6A9E9009F8E02 /* ActiveVerbCubeConfiguration.swift in Sources */ = {isa = PBXBuildFile; fileRef = 6E229CA127C6A9E9009F8E02 /* ActiveVerbCubeConfiguration.swift */; };
		6E229CAE27C95CB6009F8E02 /* QuizCubeOptionsView2.swift in Sources */ = {isa = PBXBuildFile; fileRef = 6E229CAD27C95CB6009F8E02 /* QuizCubeOptionsView2.swift */; };
		6E229CB027C982B5009F8E02 /* CustomToggleStyle.swift in Sources */ = {isa = PBXBuildFile; fileRef = 6E229CAF27C982B5009F8E02 /* CustomToggleStyle.swift */; };
		6E229CB227C98776009F8E02 /* ToggleItem.swift in Sources */ = {isa = PBXBuildFile; fileRef = 6E229CB127C98776009F8E02 /* ToggleItem.swift */; };
		6E69297527D152E0003BCD71 /* CustomActionSheet.swift in Sources */ = {isa = PBXBuildFile; fileRef = 6E69297427D152E0003BCD71 /* CustomActionSheet.swift */; };
		6E69297727D25E76003BCD71 /* LanguageEngineVerbCube.swift in Sources */ = {isa = PBXBuildFile; fileRef = 6E69297627D25E76003BCD71 /* LanguageEngineVerbCube.swift */; };
		6E69297927D2745A003BCD71 /* QuizCubeWatcher.swift in Sources */ = {isa = PBXBuildFile; fileRef = 6E69297827D2745A003BCD71 /* QuizCubeWatcher.swift */; };
		6E69297D27D2C6D1003BCD71 /* QuizCubeHandlerClass.swift in Sources */ = {isa = PBXBuildFile; fileRef = 6E69297C27D2C6D0003BCD71 /* QuizCubeHandlerClass.swift */; };
		6E69297F27D2CA63003BCD71 /* QuizCubeView2.swift in Sources */ = {isa = PBXBuildFile; fileRef = 6E69297E27D2CA63003BCD71 /* QuizCubeView2.swift */; };
		6E69298227D2DCA6003BCD71 /* VerbCubeHandlerClass.swift in Sources */ = {isa = PBXBuildFile; fileRef = 6E69298127D2DCA6003BCD71 /* VerbCubeHandlerClass.swift */; };
		6E6CA06927C40B2000CCD8BE /* JumpLinguaHelpers in Frameworks */ = {isa = PBXBuildFile; productRef = 6E6CA06827C40B2000CCD8BE /* JumpLinguaHelpers */; };
		6E6CA06D27C4599400CCD8BE /* QuizCubeCellView.swift in Sources */ = {isa = PBXBuildFile; fileRef = 6E6CA06C27C4599400CCD8BE /* QuizCubeCellView.swift */; };
		6E6CA07127C5441800CCD8BE /* VerbCubeCellInfo.swift in Sources */ = {isa = PBXBuildFile; fileRef = 6E6CA07027C5441800CCD8BE /* VerbCubeCellInfo.swift */; };
		6E6CA07327C55E6200CCD8BE /* CellData.swift in Sources */ = {isa = PBXBuildFile; fileRef = 6E6CA07227C55E6200CCD8BE /* CellData.swift */; };
		6E90F38B27CAAEA50026AB56 /* FilteredRowView.swift in Sources */ = {isa = PBXBuildFile; fileRef = 6E90F38827CAAEA50026AB56 /* FilteredRowView.swift */; };
		6E90F38D27CAAEA50026AB56 /* FilteredVerbListView.swift in Sources */ = {isa = PBXBuildFile; fileRef = 6E90F38A27CAAEA50026AB56 /* FilteredVerbListView.swift */; };
		6E90F38F27CAB14B0026AB56 /* AnalyzeFilteredVerbView.swift in Sources */ = {isa = PBXBuildFile; fileRef = 6E90F38E27CAB14B0026AB56 /* AnalyzeFilteredVerbView.swift */; };
		6E90F39327CBF6AB0026AB56 /* FilterVerbUtilities.swift in Sources */ = {isa = PBXBuildFile; fileRef = 6E90F39227CBF6AB0026AB56 /* FilterVerbUtilities.swift */; };
		6EA29CAB27E792F100CE0372 /* WordCellButton.swift in Sources */ = {isa = PBXBuildFile; fileRef = 6EA29CAA27E792F100CE0372 /* WordCellButton.swift */; };
		6EA31C13280DFC0100A09062 /* QuizVerbView.swift in Sources */ = {isa = PBXBuildFile; fileRef = 6EA31C12280DFC0100A09062 /* QuizVerbView.swift */; };
		6EA3FF6227FE1FAE0042676E /* LaunchScreen.storyboard in Resources */ = {isa = PBXBuildFile; fileRef = 6EA3FF6127FE1FAE0042676E /* LaunchScreen.storyboard */; };
		6EA80F1927BDB27800D6061F /* LanguageEngine.swift in Sources */ = {isa = PBXBuildFile; fileRef = 6EA80F1827BDB27800D6061F /* LanguageEngine.swift */; };
		6EA80F1F27BDB2C000D6061F /* Dot in Frameworks */ = {isa = PBXBuildFile; productRef = 6EA80F1E27BDB2C000D6061F /* Dot */; };
		6EA80F2227BDB2CD00D6061F /* SFSafeSymbols in Frameworks */ = {isa = PBXBuildFile; productRef = 6EA80F2127BDB2CD00D6061F /* SFSafeSymbols */; };
		6EA80F2A27BDB96C00D6061F /* LanguageEngineContainer.swift in Sources */ = {isa = PBXBuildFile; fileRef = 6EA80F2927BDB96C00D6061F /* LanguageEngineContainer.swift */; };
		6EA80F2D27BDBAB000D6061F /* VerbCubeView+Observed.swift in Sources */ = {isa = PBXBuildFile; fileRef = 6EA80F2B27BDBAB000D6061F /* VerbCubeView+Observed.swift */; };
		6EA80F3127BDBC2E00D6061F /* VerbCubeConjugationStringHandlerStruct.swift in Sources */ = {isa = PBXBuildFile; fileRef = 6EA80F3027BDBC2E00D6061F /* VerbCubeConjugationStringHandlerStruct.swift */; };
		6EA80F3327BDBE0600D6061F /* VerbCubeXYZ.swift in Sources */ = {isa = PBXBuildFile; fileRef = 6EA80F3227BDBE0600D6061F /* VerbCubeXYZ.swift */; };
		6EA80F3527BDC65800D6061F /* VerbCubeCellView.swift in Sources */ = {isa = PBXBuildFile; fileRef = 6EA80F3427BDC65800D6061F /* VerbCubeCellView.swift */; };
		6EA80F3827BDC77400D6061F /* InteractiveVerbCubeCellView.swift in Sources */ = {isa = PBXBuildFile; fileRef = 6EA80F3727BDC77400D6061F /* InteractiveVerbCubeCellView.swift */; };
		6EA80F3E27BEA51300D6061F /* TabStackContainerView.swift in Sources */ = {isa = PBXBuildFile; fileRef = 6EA80F3D27BEA51300D6061F /* TabStackContainerView.swift */; };
		6EA80F4027BEE16C00D6061F /* VerbCubeView.swift in Sources */ = {isa = PBXBuildFile; fileRef = 6EA80F3F27BEE16C00D6061F /* VerbCubeView.swift */; };
		6EAD5FF027D42A8200027A49 /* ViewExtender.swift in Sources */ = {isa = PBXBuildFile; fileRef = 6EAD5FEF27D42A8200027A49 /* ViewExtender.swift */; };
		6EAD601727D6912C00027A49 /* SpanishCreateVerbModel.swift in Sources */ = {isa = PBXBuildFile; fileRef = 6EAD601627D6912C00027A49 /* SpanishCreateVerbModel.swift */; };
		6EAD601927D6916A00027A49 /* RomanceVerbModel.swift in Sources */ = {isa = PBXBuildFile; fileRef = 6EAD601827D6916A00027A49 /* RomanceVerbModel.swift */; };
		6EAD601B27D6917B00027A49 /* FrenchCreateVerbModel.swift in Sources */ = {isa = PBXBuildFile; fileRef = 6EAD601A27D6917B00027A49 /* FrenchCreateVerbModel.swift */; };
		6EAD602327D69CBB00027A49 /* VerbModelJson.swift in Sources */ = {isa = PBXBuildFile; fileRef = 6EAD602227D69CBB00027A49 /* VerbModelJson.swift */; };
		6EB37F2B280C681500240EB3 /* OnboardingFlowView.swift in Sources */ = {isa = PBXBuildFile; fileRef = 6EB37F2A280C681500240EB3 /* OnboardingFlowView.swift */; };
		6EB757DE27E8FF51005ADA66 /* Realm in Frameworks */ = {isa = PBXBuildFile; productRef = 6EB757DD27E8FF51005ADA66 /* Realm */; };
		6EB757E027E8FF51005ADA66 /* RealmSwift in Frameworks */ = {isa = PBXBuildFile; productRef = 6EB757DF27E8FF51005ADA66 /* RealmSwift */; };
		6EB757E627E90ED8005ADA66 /* LanguageEngineRealm.swift in Sources */ = {isa = PBXBuildFile; fileRef = 6EB757E527E90ED8005ADA66 /* LanguageEngineRealm.swift */; };
		6EBAC2ED27F39A5C004DB5D1 /* FeatherVerbMorphView.swift in Sources */ = {isa = PBXBuildFile; fileRef = 6EBAC2EC27F39A5C004DB5D1 /* FeatherVerbMorphView.swift */; };
		6EBAC2F727F758DF004DB5D1 /* DragDropVerbSubjectView.swift in Sources */ = {isa = PBXBuildFile; fileRef = 6EBAC2F627F758DE004DB5D1 /* DragDropVerbSubjectView.swift */; };
		6EBAC2FA27F759B1004DB5D1 /* DragDropUtilities.swift in Sources */ = {isa = PBXBuildFile; fileRef = 6EBAC2F927F759B1004DB5D1 /* DragDropUtilities.swift */; };
		6EC3085F27D3CD630056F8F7 /* LanguageEngineQuizCube.swift in Sources */ = {isa = PBXBuildFile; fileRef = 6EC3085E27D3CD630056F8F7 /* LanguageEngineQuizCube.swift */; };
		6EC3086127D3FD100056F8F7 /* VerbSelectionViewLazy.swift in Sources */ = {isa = PBXBuildFile; fileRef = 6EC3086027D3FD100056F8F7 /* VerbSelectionViewLazy.swift */; };
		6ECB854827E52AA30092033B /* VerbsOfAFeather.swift in Sources */ = {isa = PBXBuildFile; fileRef = 6ECB854727E52AA30092033B /* VerbsOfAFeather.swift */; };
		6ECCD45927D7A9DC0049B9CA /* JSONVerbs.swift in Sources */ = {isa = PBXBuildFile; fileRef = 6ECCD45827D7A9DC0049B9CA /* JSONVerbs.swift */; };
		6ECCD45D27D7B0170049B9CA /* Word.swift in Sources */ = {isa = PBXBuildFile; fileRef = 6ECCD45C27D7B0170049B9CA /* Word.swift */; };
		6ECCD46327D7C1F30049B9CA /* RegularSpanishVerb.swift in Sources */ = {isa = PBXBuildFile; fileRef = 6ECCD46227D7C1F30049B9CA /* RegularSpanishVerb.swift */; };
		6ECCD46927D7D4790049B9CA /* JSONWordCollectionStructs.swift in Sources */ = {isa = PBXBuildFile; fileRef = 6ECCD46827D7D4790049B9CA /* JSONWordCollectionStructs.swift */; };
		6ECCD47327D801D50049B9CA /* WordCollectionScreen.swift in Sources */ = {isa = PBXBuildFile; fileRef = 6ECCD47227D801D50049B9CA /* WordCollectionScreen.swift */; };
		6ECCD47527D8295D0049B9CA /* LanguageEngineFiltered.swift in Sources */ = {isa = PBXBuildFile; fileRef = 6ECCD47427D8295D0049B9CA /* LanguageEngineFiltered.swift */; };
		6ECCD47727D900700049B9CA /* VerbMorphView.swift in Sources */ = {isa = PBXBuildFile; fileRef = 6ECCD47627D900700049B9CA /* VerbMorphView.swift */; };
		6ECCD47927D928790049B9CA /* ColorExtender.swift in Sources */ = {isa = PBXBuildFile; fileRef = 6ECCD47827D928790049B9CA /* ColorExtender.swift */; };
		6ECCD47D27D96BAA0049B9CA /* AnalyzeUserVerbView.swift in Sources */ = {isa = PBXBuildFile; fileRef = 6ECCD47C27D96BAA0049B9CA /* AnalyzeUserVerbView.swift */; };
		6ECCD48127DBDEA40049B9CA /* LanguageView.swift in Sources */ = {isa = PBXBuildFile; fileRef = 6ECCD48027DBDEA40049B9CA /* LanguageView.swift */; };
		6ECCD48327DBDEC60049B9CA /* TenseSelectionView.swift in Sources */ = {isa = PBXBuildFile; fileRef = 6ECCD48227DBDEC60049B9CA /* TenseSelectionView.swift */; };
		6ECCD48527DBDF200049B9CA /* PreferencesView.swift in Sources */ = {isa = PBXBuildFile; fileRef = 6ECCD48427DBDF200049B9CA /* PreferencesView.swift */; };
		6ECCD48827DBE3600049B9CA /* LanguageViewModel.swift in Sources */ = {isa = PBXBuildFile; fileRef = 6ECCD48727DBE3600049B9CA /* LanguageViewModel.swift */; };
		6ECCD48A27DC02A40049B9CA /* LanguageEngineViewFilteredVerbs.swift in Sources */ = {isa = PBXBuildFile; fileRef = 6ECCD48927DC02A30049B9CA /* LanguageEngineViewFilteredVerbs.swift */; };
		6ECCD48C27DC02F80049B9CA /* LanguageEngineViewVerbCube.swift in Sources */ = {isa = PBXBuildFile; fileRef = 6ECCD48B27DC02F80049B9CA /* LanguageEngineViewVerbCube.swift */; };
		6ECCD48E27DC03100049B9CA /* LanguageEngineViewQuizCube.swift in Sources */ = {isa = PBXBuildFile; fileRef = 6ECCD48D27DC03100049B9CA /* LanguageEngineViewQuizCube.swift */; };
		6ECDC6CB28032EF6004083BA /* UnconjugateView.swift in Sources */ = {isa = PBXBuildFile; fileRef = 6ECDC6CA28032EF6004083BA /* UnconjugateView.swift */; };
		6ED179C62803986D00B23F3E /* WordCellViews.swift in Sources */ = {isa = PBXBuildFile; fileRef = 6ED179C52803986D00B23F3E /* WordCellViews.swift */; };
		6ED2A5B727BDADC400164F80 /* VerbCubeIVOApp.swift in Sources */ = {isa = PBXBuildFile; fileRef = 6ED2A5B627BDADC400164F80 /* VerbCubeIVOApp.swift */; };
		6ED2A5B927BDADC400164F80 /* ContentView.swift in Sources */ = {isa = PBXBuildFile; fileRef = 6ED2A5B827BDADC400164F80 /* ContentView.swift */; };
		6ED2A5BB27BDADC800164F80 /* Assets.xcassets in Resources */ = {isa = PBXBuildFile; fileRef = 6ED2A5BA27BDADC800164F80 /* Assets.xcassets */; };
		6ED2A5BE27BDADC800164F80 /* Preview Assets.xcassets in Resources */ = {isa = PBXBuildFile; fileRef = 6ED2A5BD27BDADC800164F80 /* Preview Assets.xcassets */; };
		6EDE944F2814419900C1A3DB /* QuizVerbSingleView.swift in Sources */ = {isa = PBXBuildFile; fileRef = 6EDE944E2814419900C1A3DB /* QuizVerbSingleView.swift */; };
		6EDE945128148D5700C1A3DB /* PatternRecognitionView.swift in Sources */ = {isa = PBXBuildFile; fileRef = 6EDE945028148D5700C1A3DB /* PatternRecognitionView.swift */; };
		6EE480B628106E270091F1D5 /* View Extensions.swift in Sources */ = {isa = PBXBuildFile; fileRef = 6EE480B528106E270091F1D5 /* View Extensions.swift */; };
		6EE480B82811AFA70091F1D5 /* QuizVerbViewExtensions.swift in Sources */ = {isa = PBXBuildFile; fileRef = 6EE480B72811AFA70091F1D5 /* QuizVerbViewExtensions.swift */; };
		6EF1761E27E141560010B8DA /* CircleButtonNavigationView.swift in Sources */ = {isa = PBXBuildFile; fileRef = 6EF1761D27E141560010B8DA /* CircleButtonNavigationView.swift */; };
		6EF1762127E141B00010B8DA /* MenuButton.swift in Sources */ = {isa = PBXBuildFile; fileRef = 6EF1762027E141B00010B8DA /* MenuButton.swift */; };
		6EF1762327E141F50010B8DA /* MenuItem.swift in Sources */ = {isa = PBXBuildFile; fileRef = 6EF1762227E141F50010B8DA /* MenuItem.swift */; };
		6EF1762527E142310010B8DA /* MenuViewModel.swift in Sources */ = {isa = PBXBuildFile; fileRef = 6EF1762427E142310010B8DA /* MenuViewModel.swift */; };
		6EF1762D27E14C9E0010B8DA /* ViewWrappers.swift in Sources */ = {isa = PBXBuildFile; fileRef = 6EF1762C27E14C9E0010B8DA /* ViewWrappers.swift */; };
/* End PBXBuildFile section */

/* Begin PBXFileReference section */
		6E229C9F27C68A26009F8E02 /* ShowWordTypeEnum.swift */ = {isa = PBXFileReference; lastKnownFileType = sourcecode.swift; path = ShowWordTypeEnum.swift; sourceTree = "<group>"; };
		6E229CA127C6A9E9009F8E02 /* ActiveVerbCubeConfiguration.swift */ = {isa = PBXFileReference; lastKnownFileType = sourcecode.swift; path = ActiveVerbCubeConfiguration.swift; sourceTree = "<group>"; };
		6E229CAD27C95CB6009F8E02 /* QuizCubeOptionsView2.swift */ = {isa = PBXFileReference; lastKnownFileType = sourcecode.swift; path = QuizCubeOptionsView2.swift; sourceTree = "<group>"; };
		6E229CAF27C982B5009F8E02 /* CustomToggleStyle.swift */ = {isa = PBXFileReference; lastKnownFileType = sourcecode.swift; path = CustomToggleStyle.swift; sourceTree = "<group>"; };
		6E229CB127C98776009F8E02 /* ToggleItem.swift */ = {isa = PBXFileReference; lastKnownFileType = sourcecode.swift; path = ToggleItem.swift; sourceTree = "<group>"; };
		6E69297427D152E0003BCD71 /* CustomActionSheet.swift */ = {isa = PBXFileReference; lastKnownFileType = sourcecode.swift; path = CustomActionSheet.swift; sourceTree = "<group>"; };
		6E69297627D25E76003BCD71 /* LanguageEngineVerbCube.swift */ = {isa = PBXFileReference; lastKnownFileType = sourcecode.swift; path = LanguageEngineVerbCube.swift; sourceTree = "<group>"; };
		6E69297827D2745A003BCD71 /* QuizCubeWatcher.swift */ = {isa = PBXFileReference; lastKnownFileType = sourcecode.swift; path = QuizCubeWatcher.swift; sourceTree = "<group>"; };
		6E69297C27D2C6D0003BCD71 /* QuizCubeHandlerClass.swift */ = {isa = PBXFileReference; lastKnownFileType = sourcecode.swift; path = QuizCubeHandlerClass.swift; sourceTree = "<group>"; };
		6E69297E27D2CA63003BCD71 /* QuizCubeView2.swift */ = {isa = PBXFileReference; lastKnownFileType = sourcecode.swift; path = QuizCubeView2.swift; sourceTree = "<group>"; };
		6E69298127D2DCA6003BCD71 /* VerbCubeHandlerClass.swift */ = {isa = PBXFileReference; lastKnownFileType = sourcecode.swift; path = VerbCubeHandlerClass.swift; sourceTree = "<group>"; };
		6E6CA06C27C4599400CCD8BE /* QuizCubeCellView.swift */ = {isa = PBXFileReference; lastKnownFileType = sourcecode.swift; path = QuizCubeCellView.swift; sourceTree = "<group>"; };
		6E6CA07027C5441800CCD8BE /* VerbCubeCellInfo.swift */ = {isa = PBXFileReference; lastKnownFileType = sourcecode.swift; path = VerbCubeCellInfo.swift; sourceTree = "<group>"; };
		6E6CA07227C55E6200CCD8BE /* CellData.swift */ = {isa = PBXFileReference; lastKnownFileType = sourcecode.swift; path = CellData.swift; sourceTree = "<group>"; };
		6E90F38827CAAEA50026AB56 /* FilteredRowView.swift */ = {isa = PBXFileReference; fileEncoding = 4; lastKnownFileType = sourcecode.swift; path = FilteredRowView.swift; sourceTree = "<group>"; };
		6E90F38A27CAAEA50026AB56 /* FilteredVerbListView.swift */ = {isa = PBXFileReference; fileEncoding = 4; lastKnownFileType = sourcecode.swift; path = FilteredVerbListView.swift; sourceTree = "<group>"; };
		6E90F38E27CAB14B0026AB56 /* AnalyzeFilteredVerbView.swift */ = {isa = PBXFileReference; lastKnownFileType = sourcecode.swift; path = AnalyzeFilteredVerbView.swift; sourceTree = "<group>"; };
		6E90F39227CBF6AB0026AB56 /* FilterVerbUtilities.swift */ = {isa = PBXFileReference; lastKnownFileType = sourcecode.swift; path = FilterVerbUtilities.swift; sourceTree = "<group>"; };
		6EA29CAA27E792F100CE0372 /* WordCellButton.swift */ = {isa = PBXFileReference; lastKnownFileType = sourcecode.swift; path = WordCellButton.swift; sourceTree = "<group>"; };
		6EA31C12280DFC0100A09062 /* QuizVerbView.swift */ = {isa = PBXFileReference; lastKnownFileType = sourcecode.swift; path = QuizVerbView.swift; sourceTree = "<group>"; };
		6EA3FF6127FE1FAE0042676E /* LaunchScreen.storyboard */ = {isa = PBXFileReference; lastKnownFileType = file.storyboard; path = LaunchScreen.storyboard; sourceTree = "<group>"; };
		6EA80F1827BDB27800D6061F /* LanguageEngine.swift */ = {isa = PBXFileReference; lastKnownFileType = sourcecode.swift; path = LanguageEngine.swift; sourceTree = "<group>"; };
		6EA80F2927BDB96C00D6061F /* LanguageEngineContainer.swift */ = {isa = PBXFileReference; lastKnownFileType = sourcecode.swift; path = LanguageEngineContainer.swift; sourceTree = "<group>"; };
		6EA80F2B27BDBAB000D6061F /* VerbCubeView+Observed.swift */ = {isa = PBXFileReference; lastKnownFileType = sourcecode.swift; path = "VerbCubeView+Observed.swift"; sourceTree = "<group>"; };
		6EA80F3027BDBC2E00D6061F /* VerbCubeConjugationStringHandlerStruct.swift */ = {isa = PBXFileReference; lastKnownFileType = sourcecode.swift; path = VerbCubeConjugationStringHandlerStruct.swift; sourceTree = "<group>"; };
		6EA80F3227BDBE0600D6061F /* VerbCubeXYZ.swift */ = {isa = PBXFileReference; lastKnownFileType = sourcecode.swift; path = VerbCubeXYZ.swift; sourceTree = "<group>"; };
		6EA80F3427BDC65800D6061F /* VerbCubeCellView.swift */ = {isa = PBXFileReference; lastKnownFileType = sourcecode.swift; path = VerbCubeCellView.swift; sourceTree = "<group>"; };
		6EA80F3727BDC77400D6061F /* InteractiveVerbCubeCellView.swift */ = {isa = PBXFileReference; lastKnownFileType = sourcecode.swift; path = InteractiveVerbCubeCellView.swift; sourceTree = "<group>"; };
		6EA80F3D27BEA51300D6061F /* TabStackContainerView.swift */ = {isa = PBXFileReference; lastKnownFileType = sourcecode.swift; path = TabStackContainerView.swift; sourceTree = "<group>"; };
		6EA80F3F27BEE16C00D6061F /* VerbCubeView.swift */ = {isa = PBXFileReference; lastKnownFileType = sourcecode.swift; path = VerbCubeView.swift; sourceTree = "<group>"; };
		6EAD5FEF27D42A8200027A49 /* ViewExtender.swift */ = {isa = PBXFileReference; lastKnownFileType = sourcecode.swift; path = ViewExtender.swift; sourceTree = "<group>"; };
		6EAD601627D6912C00027A49 /* SpanishCreateVerbModel.swift */ = {isa = PBXFileReference; fileEncoding = 4; lastKnownFileType = sourcecode.swift; name = SpanishCreateVerbModel.swift; path = ../../../../JumpLinguaHelpers/Sources/JumpLinguaHelpers/Bescherelle/SpanishCreateVerbModel.swift; sourceTree = "<group>"; };
		6EAD601827D6916A00027A49 /* RomanceVerbModel.swift */ = {isa = PBXFileReference; fileEncoding = 4; lastKnownFileType = sourcecode.swift; name = RomanceVerbModel.swift; path = ../../../../JumpLinguaHelpers/Sources/JumpLinguaHelpers/Bescherelle/RomanceVerbModel.swift; sourceTree = "<group>"; };
		6EAD601A27D6917B00027A49 /* FrenchCreateVerbModel.swift */ = {isa = PBXFileReference; fileEncoding = 4; lastKnownFileType = sourcecode.swift; name = FrenchCreateVerbModel.swift; path = ../../../../JumpLinguaHelpers/Sources/JumpLinguaHelpers/Bescherelle/FrenchCreateVerbModel.swift; sourceTree = "<group>"; };
		6EAD602227D69CBB00027A49 /* VerbModelJson.swift */ = {isa = PBXFileReference; fileEncoding = 4; lastKnownFileType = sourcecode.swift; name = VerbModelJson.swift; path = ../../../../JumpLinguaHelpers/Sources/JumpLinguaHelpers/JSON/VerbModelJson.swift; sourceTree = "<group>"; };
		6EB37F2A280C681500240EB3 /* OnboardingFlowView.swift */ = {isa = PBXFileReference; lastKnownFileType = sourcecode.swift; path = OnboardingFlowView.swift; sourceTree = "<group>"; };
		6EB757E527E90ED8005ADA66 /* LanguageEngineRealm.swift */ = {isa = PBXFileReference; lastKnownFileType = sourcecode.swift; path = LanguageEngineRealm.swift; sourceTree = "<group>"; };
		6EBAC2EC27F39A5C004DB5D1 /* FeatherVerbMorphView.swift */ = {isa = PBXFileReference; lastKnownFileType = sourcecode.swift; path = FeatherVerbMorphView.swift; sourceTree = "<group>"; };
		6EBAC2F627F758DE004DB5D1 /* DragDropVerbSubjectView.swift */ = {isa = PBXFileReference; lastKnownFileType = sourcecode.swift; path = DragDropVerbSubjectView.swift; sourceTree = "<group>"; };
		6EBAC2F927F759B1004DB5D1 /* DragDropUtilities.swift */ = {isa = PBXFileReference; lastKnownFileType = sourcecode.swift; path = DragDropUtilities.swift; sourceTree = "<group>"; };
		6EC3085E27D3CD630056F8F7 /* LanguageEngineQuizCube.swift */ = {isa = PBXFileReference; lastKnownFileType = sourcecode.swift; path = LanguageEngineQuizCube.swift; sourceTree = "<group>"; };
		6EC3086027D3FD100056F8F7 /* VerbSelectionViewLazy.swift */ = {isa = PBXFileReference; lastKnownFileType = sourcecode.swift; path = VerbSelectionViewLazy.swift; sourceTree = "<group>"; };
		6ECB854727E52AA30092033B /* VerbsOfAFeather.swift */ = {isa = PBXFileReference; lastKnownFileType = sourcecode.swift; path = VerbsOfAFeather.swift; sourceTree = "<group>"; };
		6ECCD45827D7A9DC0049B9CA /* JSONVerbs.swift */ = {isa = PBXFileReference; fileEncoding = 4; lastKnownFileType = sourcecode.swift; name = JSONVerbs.swift; path = ../../../../JumpLinguaHelpers/Sources/JumpLinguaHelpers/JSON/JSONVerbs.swift; sourceTree = "<group>"; };
		6ECCD45C27D7B0170049B9CA /* Word.swift */ = {isa = PBXFileReference; fileEncoding = 4; lastKnownFileType = sourcecode.swift; name = Word.swift; path = ../../../../JumpLinguaHelpers/Sources/JumpLinguaHelpers/LanguageEngine/Word.swift; sourceTree = "<group>"; };
		6ECCD46227D7C1F30049B9CA /* RegularSpanishVerb.swift */ = {isa = PBXFileReference; fileEncoding = 4; lastKnownFileType = sourcecode.swift; name = RegularSpanishVerb.swift; path = ../../../../JumpLinguaHelpers/Sources/JumpLinguaHelpers/Bescherelle/Spanish/RegularSpanishVerb.swift; sourceTree = "<group>"; };
		6ECCD46827D7D4790049B9CA /* JSONWordCollectionStructs.swift */ = {isa = PBXFileReference; fileEncoding = 4; lastKnownFileType = sourcecode.swift; name = JSONWordCollectionStructs.swift; path = "../../../../JumpLinguaHelpers/Sources/JumpLinguaHelpers/JSON Lesson Bundle Phrase and Collection/JSONWordCollectionStructs.swift"; sourceTree = "<group>"; };
		6ECCD47227D801D50049B9CA /* WordCollectionScreen.swift */ = {isa = PBXFileReference; lastKnownFileType = sourcecode.swift; path = WordCollectionScreen.swift; sourceTree = "<group>"; };
		6ECCD47427D8295D0049B9CA /* LanguageEngineFiltered.swift */ = {isa = PBXFileReference; lastKnownFileType = sourcecode.swift; path = LanguageEngineFiltered.swift; sourceTree = "<group>"; };
		6ECCD47627D900700049B9CA /* VerbMorphView.swift */ = {isa = PBXFileReference; lastKnownFileType = sourcecode.swift; path = VerbMorphView.swift; sourceTree = "<group>"; };
		6ECCD47827D928790049B9CA /* ColorExtender.swift */ = {isa = PBXFileReference; lastKnownFileType = sourcecode.swift; path = ColorExtender.swift; sourceTree = "<group>"; };
		6ECCD47C27D96BAA0049B9CA /* AnalyzeUserVerbView.swift */ = {isa = PBXFileReference; lastKnownFileType = sourcecode.swift; path = AnalyzeUserVerbView.swift; sourceTree = "<group>"; };
		6ECCD48027DBDEA40049B9CA /* LanguageView.swift */ = {isa = PBXFileReference; lastKnownFileType = sourcecode.swift; path = LanguageView.swift; sourceTree = "<group>"; };
		6ECCD48227DBDEC60049B9CA /* TenseSelectionView.swift */ = {isa = PBXFileReference; lastKnownFileType = sourcecode.swift; path = TenseSelectionView.swift; sourceTree = "<group>"; };
		6ECCD48427DBDF200049B9CA /* PreferencesView.swift */ = {isa = PBXFileReference; lastKnownFileType = sourcecode.swift; path = PreferencesView.swift; sourceTree = "<group>"; };
		6ECCD48727DBE3600049B9CA /* LanguageViewModel.swift */ = {isa = PBXFileReference; lastKnownFileType = sourcecode.swift; path = LanguageViewModel.swift; sourceTree = "<group>"; };
		6ECCD48927DC02A30049B9CA /* LanguageEngineViewFilteredVerbs.swift */ = {isa = PBXFileReference; lastKnownFileType = sourcecode.swift; path = LanguageEngineViewFilteredVerbs.swift; sourceTree = "<group>"; };
		6ECCD48B27DC02F80049B9CA /* LanguageEngineViewVerbCube.swift */ = {isa = PBXFileReference; lastKnownFileType = sourcecode.swift; path = LanguageEngineViewVerbCube.swift; sourceTree = "<group>"; };
		6ECCD48D27DC03100049B9CA /* LanguageEngineViewQuizCube.swift */ = {isa = PBXFileReference; lastKnownFileType = sourcecode.swift; path = LanguageEngineViewQuizCube.swift; sourceTree = "<group>"; };
		6ECDC6CA28032EF6004083BA /* UnconjugateView.swift */ = {isa = PBXFileReference; lastKnownFileType = sourcecode.swift; path = UnconjugateView.swift; sourceTree = "<group>"; };
		6ED179C52803986D00B23F3E /* WordCellViews.swift */ = {isa = PBXFileReference; lastKnownFileType = sourcecode.swift; path = WordCellViews.swift; sourceTree = "<group>"; };
		6ED2A5B327BDADC400164F80 /* Verbs of a Feather.app */ = {isa = PBXFileReference; explicitFileType = wrapper.application; includeInIndex = 0; path = "Verbs of a Feather.app"; sourceTree = BUILT_PRODUCTS_DIR; };
		6ED2A5B627BDADC400164F80 /* VerbCubeIVOApp.swift */ = {isa = PBXFileReference; lastKnownFileType = sourcecode.swift; path = VerbCubeIVOApp.swift; sourceTree = "<group>"; };
		6ED2A5B827BDADC400164F80 /* ContentView.swift */ = {isa = PBXFileReference; lastKnownFileType = sourcecode.swift; path = ContentView.swift; sourceTree = "<group>"; };
		6ED2A5BA27BDADC800164F80 /* Assets.xcassets */ = {isa = PBXFileReference; lastKnownFileType = folder.assetcatalog; path = Assets.xcassets; sourceTree = "<group>"; };
		6ED2A5BD27BDADC800164F80 /* Preview Assets.xcassets */ = {isa = PBXFileReference; lastKnownFileType = folder.assetcatalog; path = "Preview Assets.xcassets"; sourceTree = "<group>"; };
		6EDE944E2814419900C1A3DB /* QuizVerbSingleView.swift */ = {isa = PBXFileReference; lastKnownFileType = sourcecode.swift; path = QuizVerbSingleView.swift; sourceTree = "<group>"; };
		6EDE945028148D5700C1A3DB /* PatternRecognitionView.swift */ = {isa = PBXFileReference; lastKnownFileType = sourcecode.swift; path = PatternRecognitionView.swift; sourceTree = "<group>"; };
		6EE480B528106E270091F1D5 /* View Extensions.swift */ = {isa = PBXFileReference; lastKnownFileType = sourcecode.swift; path = "View Extensions.swift"; sourceTree = "<group>"; };
		6EE480B72811AFA70091F1D5 /* QuizVerbViewExtensions.swift */ = {isa = PBXFileReference; lastKnownFileType = sourcecode.swift; path = QuizVerbViewExtensions.swift; sourceTree = "<group>"; };
		6EF1761D27E141560010B8DA /* CircleButtonNavigationView.swift */ = {isa = PBXFileReference; lastKnownFileType = sourcecode.swift; path = CircleButtonNavigationView.swift; sourceTree = "<group>"; };
		6EF1762027E141B00010B8DA /* MenuButton.swift */ = {isa = PBXFileReference; lastKnownFileType = sourcecode.swift; path = MenuButton.swift; sourceTree = "<group>"; };
		6EF1762227E141F50010B8DA /* MenuItem.swift */ = {isa = PBXFileReference; lastKnownFileType = sourcecode.swift; path = MenuItem.swift; sourceTree = "<group>"; };
		6EF1762427E142310010B8DA /* MenuViewModel.swift */ = {isa = PBXFileReference; lastKnownFileType = sourcecode.swift; path = MenuViewModel.swift; sourceTree = "<group>"; };
		6EF1762C27E14C9E0010B8DA /* ViewWrappers.swift */ = {isa = PBXFileReference; lastKnownFileType = sourcecode.swift; path = ViewWrappers.swift; sourceTree = "<group>"; };
/* End PBXFileReference section */

/* Begin PBXFrameworksBuildPhase section */
		6ED2A5B027BDADC400164F80 /* Frameworks */ = {
			isa = PBXFrameworksBuildPhase;
			buildActionMask = 2147483647;
			files = (
				6EA80F2227BDB2CD00D6061F /* SFSafeSymbols in Frameworks */,
				6E6CA06927C40B2000CCD8BE /* JumpLinguaHelpers in Frameworks */,
				6EB757DE27E8FF51005ADA66 /* Realm in Frameworks */,
				6EB757E027E8FF51005ADA66 /* RealmSwift in Frameworks */,
				6EA80F1F27BDB2C000D6061F /* Dot in Frameworks */,
			);
			runOnlyForDeploymentPostprocessing = 0;
		};
/* End PBXFrameworksBuildPhase section */

/* Begin PBXGroup section */
		6E69298027D2DC6A003BCD71 /* RIP */ = {
			isa = PBXGroup;
			children = (
			);
			path = RIP;
			sourceTree = "<group>";
		};
		6E90F38727CAAEA50026AB56 /* FilteredVerbs */ = {
			isa = PBXGroup;
			children = (
				6E90F38827CAAEA50026AB56 /* FilteredRowView.swift */,
				6E90F38A27CAAEA50026AB56 /* FilteredVerbListView.swift */,
				6E90F38E27CAB14B0026AB56 /* AnalyzeFilteredVerbView.swift */,
				6E90F39227CBF6AB0026AB56 /* FilterVerbUtilities.swift */,
			);
			name = FilteredVerbs;
			path = "../../../SPIFE/VIperSpanish 2/VIperSpanish 2/FilteredVerbs";
			sourceTree = "<group>";
		};
		6EA80F1527BDB23000D6061F /* LanguageEngine */ = {
			isa = PBXGroup;
			children = (
				6EA80F1827BDB27800D6061F /* LanguageEngine.swift */,
				6E69297627D25E76003BCD71 /* LanguageEngineVerbCube.swift */,
				6EC3085E27D3CD630056F8F7 /* LanguageEngineQuizCube.swift */,
				6ECCD47427D8295D0049B9CA /* LanguageEngineFiltered.swift */,
				6EB757E527E90ED8005ADA66 /* LanguageEngineRealm.swift */,
			);
			path = LanguageEngine;
			sourceTree = "<group>";
		};
		6EA80F2327BDB69C00D6061F /* Observed */ = {
			isa = PBXGroup;
			children = (
				6EA80F2427BDB6B100D6061F /* Page */,
			);
			path = Observed;
			sourceTree = "<group>";
		};
		6EA80F2427BDB6B100D6061F /* Page */ = {
			isa = PBXGroup;
			children = (
				6EA80F2B27BDBAB000D6061F /* VerbCubeView+Observed.swift */,
			);
			path = Page;
			sourceTree = "<group>";
		};
		6EA80F2527BDB6C600D6061F /* View */ = {
			isa = PBXGroup;
			children = (
				6EBAC2F827F7598C004DB5D1 /* DragDrop */,
				6EF1761F27E141740010B8DA /* CircleButtonFolder */,
				6EA80F3627BDC73500D6061F /* ViewHelpers */,
				6EA80F2627BDB6D700D6061F /* Views */,
			);
			path = View;
			sourceTree = "<group>";
		};
		6EA80F2627BDB6D700D6061F /* Views */ = {
			isa = PBXGroup;
			children = (
				6ECCD48027DBDEA40049B9CA /* LanguageView.swift */,
				6ECCD48227DBDEC60049B9CA /* TenseSelectionView.swift */,
				6EA80F3F27BEE16C00D6061F /* VerbCubeView.swift */,
				6E229CAD27C95CB6009F8E02 /* QuizCubeOptionsView2.swift */,
				6E69297E27D2CA63003BCD71 /* QuizCubeView2.swift */,
				6EC3086027D3FD100056F8F7 /* VerbSelectionViewLazy.swift */,
				6ECCD47227D801D50049B9CA /* WordCollectionScreen.swift */,
				6ECCD47627D900700049B9CA /* VerbMorphView.swift */,
				6ECCD47C27D96BAA0049B9CA /* AnalyzeUserVerbView.swift */,
				6ECB854727E52AA30092033B /* VerbsOfAFeather.swift */,
				6EBAC2EC27F39A5C004DB5D1 /* FeatherVerbMorphView.swift */,
				6ECDC6CA28032EF6004083BA /* UnconjugateView.swift */,
				6EB37F2A280C681500240EB3 /* OnboardingFlowView.swift */,
				6EE480B72811AFA70091F1D5 /* QuizVerbViewExtensions.swift */,
				6EA31C12280DFC0100A09062 /* QuizVerbView.swift */,
				6EDE944E2814419900C1A3DB /* QuizVerbSingleView.swift */,
				6EDE945028148D5700C1A3DB /* PatternRecognitionView.swift */,
			);
			path = Views;
			sourceTree = "<group>";
		};
		6EA80F2727BDB6F700D6061F /* Identifiable */ = {
			isa = PBXGroup;
			children = (
			);
			path = Identifiable;
			sourceTree = "<group>";
		};
		6EA80F2827BDB93300D6061F /* Containers */ = {
			isa = PBXGroup;
			children = (
				6EA80F2927BDB96C00D6061F /* LanguageEngineContainer.swift */,
				6EA80F3D27BEA51300D6061F /* TabStackContainerView.swift */,
			);
			path = Containers;
			sourceTree = "<group>";
		};
		6EA80F2F27BDBBED00D6061F /* Helpers */ = {
			isa = PBXGroup;
			children = (
				6EA80F3227BDBE0600D6061F /* VerbCubeXYZ.swift */,
				6E6CA07027C5441800CCD8BE /* VerbCubeCellInfo.swift */,
				6E69297827D2745A003BCD71 /* QuizCubeWatcher.swift */,
				6E6CA07227C55E6200CCD8BE /* CellData.swift */,
				6E229C9F27C68A26009F8E02 /* ShowWordTypeEnum.swift */,
				6E229CA127C6A9E9009F8E02 /* ActiveVerbCubeConfiguration.swift */,
				6EA80F3027BDBC2E00D6061F /* VerbCubeConjugationStringHandlerStruct.swift */,
				6E229CAF27C982B5009F8E02 /* CustomToggleStyle.swift */,
				6E229CB127C98776009F8E02 /* ToggleItem.swift */,
				6E69297427D152E0003BCD71 /* CustomActionSheet.swift */,
				6E69297C27D2C6D0003BCD71 /* QuizCubeHandlerClass.swift */,
				6E69298127D2DCA6003BCD71 /* VerbCubeHandlerClass.swift */,
				6EAD5FEF27D42A8200027A49 /* ViewExtender.swift */,
				6ECCD47827D928790049B9CA /* ColorExtender.swift */,
				6EA29CAA27E792F100CE0372 /* WordCellButton.swift */,
				6ED179C52803986D00B23F3E /* WordCellViews.swift */,
			);
			path = Helpers;
			sourceTree = "<group>";
		};
		6EA80F3627BDC73500D6061F /* ViewHelpers */ = {
			isa = PBXGroup;
			children = (
				6EA80F3427BDC65800D6061F /* VerbCubeCellView.swift */,
				6EA80F3727BDC77400D6061F /* InteractiveVerbCubeCellView.swift */,
				6E6CA06C27C4599400CCD8BE /* QuizCubeCellView.swift */,
				6ECCD48427DBDF200049B9CA /* PreferencesView.swift */,
				6EE480B528106E270091F1D5 /* View Extensions.swift */,
			);
			path = ViewHelpers;
			sourceTree = "<group>";
		};
		6EAD601527D6910900027A49 /* VerbConjugation */ = {
			isa = PBXGroup;
			children = (
				6EAD601827D6916A00027A49 /* RomanceVerbModel.swift */,
				6EAD601A27D6917B00027A49 /* FrenchCreateVerbModel.swift */,
				6EAD601627D6912C00027A49 /* SpanishCreateVerbModel.swift */,
				6EAD602227D69CBB00027A49 /* VerbModelJson.swift */,
				6ECCD46227D7C1F30049B9CA /* RegularSpanishVerb.swift */,
			);
			path = VerbConjugation;
			sourceTree = "<group>";
		};
		6EBAC2F827F7598C004DB5D1 /* DragDrop */ = {
			isa = PBXGroup;
			children = (
				6EBAC2F627F758DE004DB5D1 /* DragDropVerbSubjectView.swift */,
				6EBAC2F927F759B1004DB5D1 /* DragDropUtilities.swift */,
			);
			path = DragDrop;
			sourceTree = "<group>";
		};
		6ECCD45527D7A8500049B9CA /* JSON */ = {
			isa = PBXGroup;
			children = (
				6ECCD45827D7A9DC0049B9CA /* JSONVerbs.swift */,
				6ECCD45C27D7B0170049B9CA /* Word.swift */,
				6ECCD46827D7D4790049B9CA /* JSONWordCollectionStructs.swift */,
			);
			path = JSON;
			sourceTree = "<group>";
		};
		6ECCD48627DBE3270049B9CA /* LanguageEngineView */ = {
			isa = PBXGroup;
			children = (
				6ECCD48727DBE3600049B9CA /* LanguageViewModel.swift */,
				6ECCD48927DC02A30049B9CA /* LanguageEngineViewFilteredVerbs.swift */,
				6ECCD48B27DC02F80049B9CA /* LanguageEngineViewVerbCube.swift */,
				6ECCD48D27DC03100049B9CA /* LanguageEngineViewQuizCube.swift */,
			);
			name = LanguageEngineView;
			path = LanguageEngine/LanguageEngineView;
			sourceTree = "<group>";
		};
		6ED2A5AA27BDADC400164F80 = {
			isa = PBXGroup;
			children = (
				6ED2A5B527BDADC400164F80 /* VerbCubeIVO */,
				6ED2A5B427BDADC400164F80 /* Products */,
			);
			sourceTree = "<group>";
		};
		6ED2A5B427BDADC400164F80 /* Products */ = {
			isa = PBXGroup;
			children = (
				6ED2A5B327BDADC400164F80 /* Verbs of a Feather.app */,
			);
			name = Products;
			sourceTree = "<group>";
		};
		6ED2A5B527BDADC400164F80 /* VerbCubeIVO */ = {
			isa = PBXGroup;
			children = (
				6ECCD45527D7A8500049B9CA /* JSON */,
				6EAD601527D6910900027A49 /* VerbConjugation */,
				6E69298027D2DC6A003BCD71 /* RIP */,
				6E90F38727CAAEA50026AB56 /* FilteredVerbs */,
				6EA80F2F27BDBBED00D6061F /* Helpers */,
				6EA80F2827BDB93300D6061F /* Containers */,
				6EA80F2727BDB6F700D6061F /* Identifiable */,
				6EA80F2527BDB6C600D6061F /* View */,
				6EA80F2327BDB69C00D6061F /* Observed */,
				6ECCD48627DBE3270049B9CA /* LanguageEngineView */,
				6EA80F1527BDB23000D6061F /* LanguageEngine */,
				6ED2A5B627BDADC400164F80 /* VerbCubeIVOApp.swift */,
				6ED2A5B827BDADC400164F80 /* ContentView.swift */,
				6ED2A5BA27BDADC800164F80 /* Assets.xcassets */,
				6ED2A5BC27BDADC800164F80 /* Preview Content */,
				6EA3FF6127FE1FAE0042676E /* LaunchScreen.storyboard */,
			);
			path = VerbCubeIVO;
			sourceTree = "<group>";
		};
		6ED2A5BC27BDADC800164F80 /* Preview Content */ = {
			isa = PBXGroup;
			children = (
				6ED2A5BD27BDADC800164F80 /* Preview Assets.xcassets */,
			);
			path = "Preview Content";
			sourceTree = "<group>";
		};
		6EF1761F27E141740010B8DA /* CircleButtonFolder */ = {
			isa = PBXGroup;
			children = (
				6EF1761D27E141560010B8DA /* CircleButtonNavigationView.swift */,
				6EF1762027E141B00010B8DA /* MenuButton.swift */,
				6EF1762227E141F50010B8DA /* MenuItem.swift */,
				6EF1762427E142310010B8DA /* MenuViewModel.swift */,
				6EF1762C27E14C9E0010B8DA /* ViewWrappers.swift */,
			);
			path = CircleButtonFolder;
			sourceTree = "<group>";
		};
/* End PBXGroup section */

/* Begin PBXNativeTarget section */
		6ED2A5B227BDADC400164F80 /* VerbCubeIVO */ = {
			isa = PBXNativeTarget;
			buildConfigurationList = 6ED2A5C127BDADC800164F80 /* Build configuration list for PBXNativeTarget "VerbCubeIVO" */;
			buildPhases = (
				6ED2A5AF27BDADC400164F80 /* Sources */,
				6ED2A5B027BDADC400164F80 /* Frameworks */,
				6ED2A5B127BDADC400164F80 /* Resources */,
			);
			buildRules = (
			);
			dependencies = (
			);
			name = VerbCubeIVO;
			packageProductDependencies = (
				6EA80F1E27BDB2C000D6061F /* Dot */,
				6EA80F2127BDB2CD00D6061F /* SFSafeSymbols */,
				6E6CA06827C40B2000CCD8BE /* JumpLinguaHelpers */,
				6EB757DD27E8FF51005ADA66 /* Realm */,
				6EB757DF27E8FF51005ADA66 /* RealmSwift */,
			);
			productName = VerbCubeIVO;
			productReference = 6ED2A5B327BDADC400164F80 /* Verbs of a Feather.app */;
			productType = "com.apple.product-type.application";
		};
/* End PBXNativeTarget section */

/* Begin PBXProject section */
		6ED2A5AB27BDADC400164F80 /* Project object */ = {
			isa = PBXProject;
			attributes = {
				BuildIndependentTargetsInParallel = 1;
				LastSwiftUpdateCheck = 1300;
				LastUpgradeCheck = 1300;
				TargetAttributes = {
					6ED2A5B227BDADC400164F80 = {
						CreatedOnToolsVersion = 13.0;
					};
				};
			};
			buildConfigurationList = 6ED2A5AE27BDADC400164F80 /* Build configuration list for PBXProject "VerbCubeIVO" */;
			compatibilityVersion = "Xcode 13.0";
			developmentRegion = en;
			hasScannedForEncodings = 0;
			knownRegions = (
				en,
				Base,
			);
			mainGroup = 6ED2A5AA27BDADC400164F80;
			packageReferences = (
				6EA80F1D27BDB2C000D6061F /* XCRemoteSwiftPackageReference "Dot" */,
				6EA80F2027BDB2CD00D6061F /* XCRemoteSwiftPackageReference "SFSafeSymbols" */,
				6E6CA06727C40B2000CCD8BE /* XCRemoteSwiftPackageReference "JumpLinguaHelpers" */,
				6EB757DC27E8FF51005ADA66 /* XCRemoteSwiftPackageReference "realm-swift" */,
			);
			productRefGroup = 6ED2A5B427BDADC400164F80 /* Products */;
			projectDirPath = "";
			projectRoot = "";
			targets = (
				6ED2A5B227BDADC400164F80 /* VerbCubeIVO */,
			);
		};
/* End PBXProject section */

/* Begin PBXResourcesBuildPhase section */
		6ED2A5B127BDADC400164F80 /* Resources */ = {
			isa = PBXResourcesBuildPhase;
			buildActionMask = 2147483647;
			files = (
				6EA3FF6227FE1FAE0042676E /* LaunchScreen.storyboard in Resources */,
				6ED2A5BE27BDADC800164F80 /* Preview Assets.xcassets in Resources */,
				6ED2A5BB27BDADC800164F80 /* Assets.xcassets in Resources */,
			);
			runOnlyForDeploymentPostprocessing = 0;
		};
/* End PBXResourcesBuildPhase section */

/* Begin PBXSourcesBuildPhase section */
		6ED2A5AF27BDADC400164F80 /* Sources */ = {
			isa = PBXSourcesBuildPhase;
			buildActionMask = 2147483647;
			files = (
				6E90F38F27CAB14B0026AB56 /* AnalyzeFilteredVerbView.swift in Sources */,
				6EA80F1927BDB27800D6061F /* LanguageEngine.swift in Sources */,
				6E229CA227C6A9E9009F8E02 /* ActiveVerbCubeConfiguration.swift in Sources */,
				6EF1762527E142310010B8DA /* MenuViewModel.swift in Sources */,
				6ECCD48327DBDEC60049B9CA /* TenseSelectionView.swift in Sources */,
				6ECCD48127DBDEA40049B9CA /* LanguageView.swift in Sources */,
				6EC3086127D3FD100056F8F7 /* VerbSelectionViewLazy.swift in Sources */,
				6ECCD47D27D96BAA0049B9CA /* AnalyzeUserVerbView.swift in Sources */,
				6E90F39327CBF6AB0026AB56 /* FilterVerbUtilities.swift in Sources */,
				6EA29CAB27E792F100CE0372 /* WordCellButton.swift in Sources */,
				6ED179C62803986D00B23F3E /* WordCellViews.swift in Sources */,
				6EAD5FF027D42A8200027A49 /* ViewExtender.swift in Sources */,
				6ECCD47527D8295D0049B9CA /* LanguageEngineFiltered.swift in Sources */,
				6EBAC2ED27F39A5C004DB5D1 /* FeatherVerbMorphView.swift in Sources */,
				6E69297D27D2C6D1003BCD71 /* QuizCubeHandlerClass.swift in Sources */,
				6ECCD47727D900700049B9CA /* VerbMorphView.swift in Sources */,
				6EDE945128148D5700C1A3DB /* PatternRecognitionView.swift in Sources */,
				6EA80F2A27BDB96C00D6061F /* LanguageEngineContainer.swift in Sources */,
				6EAD602327D69CBB00027A49 /* VerbModelJson.swift in Sources */,
				6E229CB227C98776009F8E02 /* ToggleItem.swift in Sources */,
				6E229CAE27C95CB6009F8E02 /* QuizCubeOptionsView2.swift in Sources */,
				6E69298227D2DCA6003BCD71 /* VerbCubeHandlerClass.swift in Sources */,
				6EA31C13280DFC0100A09062 /* QuizVerbView.swift in Sources */,
				6ECB854827E52AA30092033B /* VerbsOfAFeather.swift in Sources */,
				6EF1762D27E14C9E0010B8DA /* ViewWrappers.swift in Sources */,
				6EF1762127E141B00010B8DA /* MenuButton.swift in Sources */,
				6E6CA06D27C4599400CCD8BE /* QuizCubeCellView.swift in Sources */,
				6EA80F3E27BEA51300D6061F /* TabStackContainerView.swift in Sources */,
				6EA80F3127BDBC2E00D6061F /* VerbCubeConjugationStringHandlerStruct.swift in Sources */,
				6EF1762327E141F50010B8DA /* MenuItem.swift in Sources */,
				6E69297727D25E76003BCD71 /* LanguageEngineVerbCube.swift in Sources */,
				6E69297527D152E0003BCD71 /* CustomActionSheet.swift in Sources */,
				6ECCD45D27D7B0170049B9CA /* Word.swift in Sources */,
				6EB757E627E90ED8005ADA66 /* LanguageEngineRealm.swift in Sources */,
				6E90F38B27CAAEA50026AB56 /* FilteredRowView.swift in Sources */,
				6E6CA07127C5441800CCD8BE /* VerbCubeCellInfo.swift in Sources */,
				6EBAC2F727F758DF004DB5D1 /* DragDropVerbSubjectView.swift in Sources */,
				6E229CA027C68A26009F8E02 /* ShowWordTypeEnum.swift in Sources */,
				6EBAC2FA27F759B1004DB5D1 /* DragDropUtilities.swift in Sources */,
				6EB37F2B280C681500240EB3 /* OnboardingFlowView.swift in Sources */,
				6EDE944F2814419900C1A3DB /* QuizVerbSingleView.swift in Sources */,
				6EC3085F27D3CD630056F8F7 /* LanguageEngineQuizCube.swift in Sources */,
				6E6CA07327C55E6200CCD8BE /* CellData.swift in Sources */,
				6EE480B82811AFA70091F1D5 /* QuizVerbViewExtensions.swift in Sources */,
				6ECCD48A27DC02A40049B9CA /* LanguageEngineViewFilteredVerbs.swift in Sources */,
				6ECCD46327D7C1F30049B9CA /* RegularSpanishVerb.swift in Sources */,
				6ECCD47327D801D50049B9CA /* WordCollectionScreen.swift in Sources */,
				6EAD601927D6916A00027A49 /* RomanceVerbModel.swift in Sources */,
				6EF1761E27E141560010B8DA /* CircleButtonNavigationView.swift in Sources */,
				6EAD601B27D6917B00027A49 /* FrenchCreateVerbModel.swift in Sources */,
				6E90F38D27CAAEA50026AB56 /* FilteredVerbListView.swift in Sources */,
				6ECCD48E27DC03100049B9CA /* LanguageEngineViewQuizCube.swift in Sources */,
				6ECCD45927D7A9DC0049B9CA /* JSONVerbs.swift in Sources */,
				6ECCD46927D7D4790049B9CA /* JSONWordCollectionStructs.swift in Sources */,
				6ECCD47927D928790049B9CA /* ColorExtender.swift in Sources */,
				6ED2A5B927BDADC400164F80 /* ContentView.swift in Sources */,
				6ECDC6CB28032EF6004083BA /* UnconjugateView.swift in Sources */,
				6EAD601727D6912C00027A49 /* SpanishCreateVerbModel.swift in Sources */,
				6EA80F3327BDBE0600D6061F /* VerbCubeXYZ.swift in Sources */,
				6E69297F27D2CA63003BCD71 /* QuizCubeView2.swift in Sources */,
				6E69297927D2745A003BCD71 /* QuizCubeWatcher.swift in Sources */,
				6ED2A5B727BDADC400164F80 /* VerbCubeIVOApp.swift in Sources */,
				6ECCD48C27DC02F80049B9CA /* LanguageEngineViewVerbCube.swift in Sources */,
				6EA80F3827BDC77400D6061F /* InteractiveVerbCubeCellView.swift in Sources */,
				6ECCD48827DBE3600049B9CA /* LanguageViewModel.swift in Sources */,
				6EE480B628106E270091F1D5 /* View Extensions.swift in Sources */,
				6EA80F3527BDC65800D6061F /* VerbCubeCellView.swift in Sources */,
				6E229CB027C982B5009F8E02 /* CustomToggleStyle.swift in Sources */,
				6EA80F4027BEE16C00D6061F /* VerbCubeView.swift in Sources */,
				6EA80F2D27BDBAB000D6061F /* VerbCubeView+Observed.swift in Sources */,
				6ECCD48527DBDF200049B9CA /* PreferencesView.swift in Sources */,
			);
			runOnlyForDeploymentPostprocessing = 0;
		};
/* End PBXSourcesBuildPhase section */

/* Begin XCBuildConfiguration section */
		6ED2A5BF27BDADC800164F80 /* Debug */ = {
			isa = XCBuildConfiguration;
			buildSettings = {
				ALWAYS_SEARCH_USER_PATHS = NO;
				CLANG_ANALYZER_NONNULL = YES;
				CLANG_ANALYZER_NUMBER_OBJECT_CONVERSION = YES_AGGRESSIVE;
				CLANG_CXX_LANGUAGE_STANDARD = "gnu++17";
				CLANG_CXX_LIBRARY = "libc++";
				CLANG_ENABLE_MODULES = YES;
				CLANG_ENABLE_OBJC_ARC = YES;
				CLANG_ENABLE_OBJC_WEAK = YES;
				CLANG_WARN_BLOCK_CAPTURE_AUTORELEASING = YES;
				CLANG_WARN_BOOL_CONVERSION = YES;
				CLANG_WARN_COMMA = YES;
				CLANG_WARN_CONSTANT_CONVERSION = YES;
				CLANG_WARN_DEPRECATED_OBJC_IMPLEMENTATIONS = YES;
				CLANG_WARN_DIRECT_OBJC_ISA_USAGE = YES_ERROR;
				CLANG_WARN_DOCUMENTATION_COMMENTS = YES;
				CLANG_WARN_EMPTY_BODY = YES;
				CLANG_WARN_ENUM_CONVERSION = YES;
				CLANG_WARN_INFINITE_RECURSION = YES;
				CLANG_WARN_INT_CONVERSION = YES;
				CLANG_WARN_NON_LITERAL_NULL_CONVERSION = YES;
				CLANG_WARN_OBJC_IMPLICIT_RETAIN_SELF = YES;
				CLANG_WARN_OBJC_LITERAL_CONVERSION = YES;
				CLANG_WARN_OBJC_ROOT_CLASS = YES_ERROR;
				CLANG_WARN_QUOTED_INCLUDE_IN_FRAMEWORK_HEADER = YES;
				CLANG_WARN_RANGE_LOOP_ANALYSIS = YES;
				CLANG_WARN_STRICT_PROTOTYPES = YES;
				CLANG_WARN_SUSPICIOUS_MOVE = YES;
				CLANG_WARN_UNGUARDED_AVAILABILITY = YES_AGGRESSIVE;
				CLANG_WARN_UNREACHABLE_CODE = YES;
				CLANG_WARN__DUPLICATE_METHOD_MATCH = YES;
				COPY_PHASE_STRIP = NO;
				DEBUG_INFORMATION_FORMAT = dwarf;
				ENABLE_STRICT_OBJC_MSGSEND = YES;
				ENABLE_TESTABILITY = YES;
				GCC_C_LANGUAGE_STANDARD = gnu11;
				GCC_DYNAMIC_NO_PIC = NO;
				GCC_NO_COMMON_BLOCKS = YES;
				GCC_OPTIMIZATION_LEVEL = 0;
				GCC_PREPROCESSOR_DEFINITIONS = (
					"DEBUG=1",
					"$(inherited)",
				);
				GCC_WARN_64_TO_32_BIT_CONVERSION = YES;
				GCC_WARN_ABOUT_RETURN_TYPE = YES_ERROR;
				GCC_WARN_UNDECLARED_SELECTOR = YES;
				GCC_WARN_UNINITIALIZED_AUTOS = YES_AGGRESSIVE;
				GCC_WARN_UNUSED_FUNCTION = YES;
				GCC_WARN_UNUSED_VARIABLE = YES;
				IPHONEOS_DEPLOYMENT_TARGET = 15.0;
				MTL_ENABLE_DEBUG_INFO = INCLUDE_SOURCE;
				MTL_FAST_MATH = YES;
				ONLY_ACTIVE_ARCH = YES;
				SDKROOT = iphoneos;
				SWIFT_ACTIVE_COMPILATION_CONDITIONS = DEBUG;
				SWIFT_OPTIMIZATION_LEVEL = "-Onone";
			};
			name = Debug;
		};
		6ED2A5C027BDADC800164F80 /* Release */ = {
			isa = XCBuildConfiguration;
			buildSettings = {
				ALWAYS_SEARCH_USER_PATHS = NO;
				CLANG_ANALYZER_NONNULL = YES;
				CLANG_ANALYZER_NUMBER_OBJECT_CONVERSION = YES_AGGRESSIVE;
				CLANG_CXX_LANGUAGE_STANDARD = "gnu++17";
				CLANG_CXX_LIBRARY = "libc++";
				CLANG_ENABLE_MODULES = YES;
				CLANG_ENABLE_OBJC_ARC = YES;
				CLANG_ENABLE_OBJC_WEAK = YES;
				CLANG_WARN_BLOCK_CAPTURE_AUTORELEASING = YES;
				CLANG_WARN_BOOL_CONVERSION = YES;
				CLANG_WARN_COMMA = YES;
				CLANG_WARN_CONSTANT_CONVERSION = YES;
				CLANG_WARN_DEPRECATED_OBJC_IMPLEMENTATIONS = YES;
				CLANG_WARN_DIRECT_OBJC_ISA_USAGE = YES_ERROR;
				CLANG_WARN_DOCUMENTATION_COMMENTS = YES;
				CLANG_WARN_EMPTY_BODY = YES;
				CLANG_WARN_ENUM_CONVERSION = YES;
				CLANG_WARN_INFINITE_RECURSION = YES;
				CLANG_WARN_INT_CONVERSION = YES;
				CLANG_WARN_NON_LITERAL_NULL_CONVERSION = YES;
				CLANG_WARN_OBJC_IMPLICIT_RETAIN_SELF = YES;
				CLANG_WARN_OBJC_LITERAL_CONVERSION = YES;
				CLANG_WARN_OBJC_ROOT_CLASS = YES_ERROR;
				CLANG_WARN_QUOTED_INCLUDE_IN_FRAMEWORK_HEADER = YES;
				CLANG_WARN_RANGE_LOOP_ANALYSIS = YES;
				CLANG_WARN_STRICT_PROTOTYPES = YES;
				CLANG_WARN_SUSPICIOUS_MOVE = YES;
				CLANG_WARN_UNGUARDED_AVAILABILITY = YES_AGGRESSIVE;
				CLANG_WARN_UNREACHABLE_CODE = YES;
				CLANG_WARN__DUPLICATE_METHOD_MATCH = YES;
				COPY_PHASE_STRIP = NO;
				DEBUG_INFORMATION_FORMAT = "dwarf-with-dsym";
				ENABLE_NS_ASSERTIONS = NO;
				ENABLE_STRICT_OBJC_MSGSEND = YES;
				GCC_C_LANGUAGE_STANDARD = gnu11;
				GCC_NO_COMMON_BLOCKS = YES;
				GCC_WARN_64_TO_32_BIT_CONVERSION = YES;
				GCC_WARN_ABOUT_RETURN_TYPE = YES_ERROR;
				GCC_WARN_UNDECLARED_SELECTOR = YES;
				GCC_WARN_UNINITIALIZED_AUTOS = YES_AGGRESSIVE;
				GCC_WARN_UNUSED_FUNCTION = YES;
				GCC_WARN_UNUSED_VARIABLE = YES;
				IPHONEOS_DEPLOYMENT_TARGET = 15.0;
				MTL_ENABLE_DEBUG_INFO = NO;
				MTL_FAST_MATH = YES;
				SDKROOT = iphoneos;
				SWIFT_COMPILATION_MODE = wholemodule;
				SWIFT_OPTIMIZATION_LEVEL = "-O";
				VALIDATE_PRODUCT = YES;
			};
			name = Release;
		};
		6ED2A5C227BDADC800164F80 /* Debug */ = {
			isa = XCBuildConfiguration;
			buildSettings = {
				ASSETCATALOG_COMPILER_APPICON_NAME = AppIcon;
				ASSETCATALOG_COMPILER_GLOBAL_ACCENT_COLOR_NAME = AccentColor;
				CODE_SIGN_STYLE = Automatic;
				CURRENT_PROJECT_VERSION = 1;
				DEVELOPMENT_ASSET_PATHS = "\"VerbCubeIVO/Preview Content\"";
				DEVELOPMENT_TEAM = 4NB5TKGZKF;
				ENABLE_PREVIEWS = YES;
				GENERATE_INFOPLIST_FILE = YES;
				INFOPLIST_KEY_UIApplicationSceneManifest_Generation = YES;
				INFOPLIST_KEY_UIApplicationSupportsIndirectInputEvents = YES;
				INFOPLIST_KEY_UILaunchScreen_Generation = YES;
				INFOPLIST_KEY_UILaunchStoryboardName = LaunchScreen;
				INFOPLIST_KEY_UISupportedInterfaceOrientations = "";
				INFOPLIST_KEY_UISupportedInterfaceOrientations_iPad = "UIInterfaceOrientationPortrait UIInterfaceOrientationPortraitUpsideDown UIInterfaceOrientationLandscapeLeft UIInterfaceOrientationLandscapeRight";
				INFOPLIST_KEY_UISupportedInterfaceOrientations_iPhone = "UIInterfaceOrientationPortrait UIInterfaceOrientationLandscapeLeft UIInterfaceOrientationLandscapeRight";
				IPHONEOS_DEPLOYMENT_TARGET = 15.0;
				LD_RUNPATH_SEARCH_PATHS = (
					"$(inherited)",
					"@executable_path/Frameworks",
				);
				MARKETING_VERSION = 1.0;
				PRODUCT_BUNDLE_IDENTIFIER = com.ChuckDiggins.VerbCubeIVO;
				PRODUCT_NAME = "Verbs of a Feather";
				SWIFT_EMIT_LOC_STRINGS = YES;
				SWIFT_VERSION = 5.0;
				TARGETED_DEVICE_FAMILY = "1,2";
			};
			name = Debug;
		};
		6ED2A5C327BDADC800164F80 /* Release */ = {
			isa = XCBuildConfiguration;
			buildSettings = {
				ASSETCATALOG_COMPILER_APPICON_NAME = AppIcon;
				ASSETCATALOG_COMPILER_GLOBAL_ACCENT_COLOR_NAME = AccentColor;
				CODE_SIGN_STYLE = Automatic;
				CURRENT_PROJECT_VERSION = 1;
				DEVELOPMENT_ASSET_PATHS = "\"VerbCubeIVO/Preview Content\"";
				DEVELOPMENT_TEAM = 4NB5TKGZKF;
				ENABLE_PREVIEWS = YES;
				GENERATE_INFOPLIST_FILE = YES;
				INFOPLIST_KEY_UIApplicationSceneManifest_Generation = YES;
				INFOPLIST_KEY_UIApplicationSupportsIndirectInputEvents = YES;
				INFOPLIST_KEY_UILaunchScreen_Generation = YES;
				INFOPLIST_KEY_UILaunchStoryboardName = LaunchScreen;
				INFOPLIST_KEY_UISupportedInterfaceOrientations = "";
				INFOPLIST_KEY_UISupportedInterfaceOrientations_iPad = "UIInterfaceOrientationPortrait UIInterfaceOrientationPortraitUpsideDown UIInterfaceOrientationLandscapeLeft UIInterfaceOrientationLandscapeRight";
				INFOPLIST_KEY_UISupportedInterfaceOrientations_iPhone = "UIInterfaceOrientationPortrait UIInterfaceOrientationLandscapeLeft UIInterfaceOrientationLandscapeRight";
				IPHONEOS_DEPLOYMENT_TARGET = 15.0;
				LD_RUNPATH_SEARCH_PATHS = (
					"$(inherited)",
					"@executable_path/Frameworks",
				);
				MARKETING_VERSION = 1.0;
				PRODUCT_BUNDLE_IDENTIFIER = com.ChuckDiggins.VerbCubeIVO;
				PRODUCT_NAME = "Verbs of a Feather";
				SWIFT_EMIT_LOC_STRINGS = YES;
				SWIFT_VERSION = 5.0;
				TARGETED_DEVICE_FAMILY = "1,2";
			};
			name = Release;
		};
/* End XCBuildConfiguration section */

/* Begin XCConfigurationList section */
		6ED2A5AE27BDADC400164F80 /* Build configuration list for PBXProject "VerbCubeIVO" */ = {
			isa = XCConfigurationList;
			buildConfigurations = (
				6ED2A5BF27BDADC800164F80 /* Debug */,
				6ED2A5C027BDADC800164F80 /* Release */,
			);
			defaultConfigurationIsVisible = 0;
			defaultConfigurationName = Release;
		};
		6ED2A5C127BDADC800164F80 /* Build configuration list for PBXNativeTarget "VerbCubeIVO" */ = {
			isa = XCConfigurationList;
			buildConfigurations = (
				6ED2A5C227BDADC800164F80 /* Debug */,
				6ED2A5C327BDADC800164F80 /* Release */,
			);
			defaultConfigurationIsVisible = 0;
			defaultConfigurationName = Release;
		};
/* End XCConfigurationList section */

/* Begin XCRemoteSwiftPackageReference section */
		6E6CA06727C40B2000CCD8BE /* XCRemoteSwiftPackageReference "JumpLinguaHelpers" */ = {
			isa = XCRemoteSwiftPackageReference;
			repositoryURL = "https://github.com/ChuckDiggins/JumpLinguaHelpers.git";
			requirement = {
				kind = upToNextMajorVersion;
				minimumVersion = 0.3.3;
			};
		};
		6EA80F1D27BDB2C000D6061F /* XCRemoteSwiftPackageReference "Dot" */ = {
			isa = XCRemoteSwiftPackageReference;
			repositoryURL = "https://github.com/rebeloper/Dot.git";
			requirement = {
				branch = main;
				kind = branch;
			};
		};
		6EA80F2027BDB2CD00D6061F /* XCRemoteSwiftPackageReference "SFSafeSymbols" */ = {
			isa = XCRemoteSwiftPackageReference;
			repositoryURL = "https://github.com/SFSafeSymbols/SFSafeSymbols";
			requirement = {
				branch = stable;
				kind = branch;
			};
		};
		6EB757DC27E8FF51005ADA66 /* XCRemoteSwiftPackageReference "realm-swift" */ = {
			isa = XCRemoteSwiftPackageReference;
			repositoryURL = "https://github.com/realm/realm-swift.git";
			requirement = {
				kind = upToNextMajorVersion;
				minimumVersion = 10.19.0;
			};
		};
/* End XCRemoteSwiftPackageReference section */

/* Begin XCSwiftPackageProductDependency section */
		6E6CA06827C40B2000CCD8BE /* JumpLinguaHelpers */ = {
			isa = XCSwiftPackageProductDependency;
			package = 6E6CA06727C40B2000CCD8BE /* XCRemoteSwiftPackageReference "JumpLinguaHelpers" */;
			productName = JumpLinguaHelpers;
		};
		6EA80F1E27BDB2C000D6061F /* Dot */ = {
			isa = XCSwiftPackageProductDependency;
			package = 6EA80F1D27BDB2C000D6061F /* XCRemoteSwiftPackageReference "Dot" */;
			productName = Dot;
		};
		6EA80F2127BDB2CD00D6061F /* SFSafeSymbols */ = {
			isa = XCSwiftPackageProductDependency;
			package = 6EA80F2027BDB2CD00D6061F /* XCRemoteSwiftPackageReference "SFSafeSymbols" */;
			productName = SFSafeSymbols;
		};
		6EB757DD27E8FF51005ADA66 /* Realm */ = {
			isa = XCSwiftPackageProductDependency;
			package = 6EB757DC27E8FF51005ADA66 /* XCRemoteSwiftPackageReference "realm-swift" */;
			productName = Realm;
		};
		6EB757DF27E8FF51005ADA66 /* RealmSwift */ = {
			isa = XCSwiftPackageProductDependency;
			package = 6EB757DC27E8FF51005ADA66 /* XCRemoteSwiftPackageReference "realm-swift" */;
			productName = RealmSwift;
		};
/* End XCSwiftPackageProductDependency section */
	};
	rootObject = 6ED2A5AB27BDADC400164F80 /* Project object */;
}
